
Microsoft Visual Studio Solution File, Format Version 12.00
# Visual Studio Version 16
VisualStudioVersion = 16.0.810.17
MinimumVisualStudioVersion = 10.0.40219.1
Project("{FAE04EC0-301F-11D3-BF4B-00C04F79EFBC}") = "1_MoviesAPI", "1_MoviesAPI\1_MoviesAPI.csproj", "{EF52D1A7-8F02-436E-A119-2BA4650AF6CF}"
EndProject
Global
	GlobalSection(SolutionConfigurationPlatforms) = preSolution
		Debug|Any CPU = Debug|Any CPU
		Release|Any CPU = Release|Any CPU
	EndGlobalSection
	GlobalSection(ProjectConfigurationPlatforms) = postSolution
		{EF52D1A7-8F02-436E-A119-2BA4650AF6CF}.Debug|Any CPU.ActiveCfg = Debug|Any CPU
		{EF52D1A7-8F02-436E-A119-2BA4650AF6CF}.Debug|Any CPU.Build.0 = Debug|Any CPU
		{EF52D1A7-8F02-436E-A119-2BA4650AF6CF}.Release|Any CPU.ActiveCfg = Release|Any CPU
		{EF52D1A7-8F02-436E-A119-2BA4650AF6CF}.Release|Any CPU.Build.0 = Release|Any CPU
	EndGlobalSection
	GlobalSection(SolutionProperties) = preSolution
		HideSolutionNode = FALSE
	EndGlobalSection
	GlobalSection(ExtensibilityGlobals) = postSolution
		SolutionGuid = {C16726CB-A364-44A0-8BBB-8DCFC812623C}
	EndGlobalSection
EndGlobal
